// !$*UTF8*$!
{
	archiveVersion = 1;
	classes = {
	};
	objectVersion = 55;
	objects = {

/* Begin PBXBuildFile section */
		4D8FB92128269AA70072D4C0 /* ContentViewComponents.swift in Sources */ = {isa = PBXBuildFile; fileRef = 4D8FB92028269AA70072D4C0 /* ContentViewComponents.swift */; };
		4D8FB9232826AFD00072D4C0 /* CloverShape.swift in Sources */ = {isa = PBXBuildFile; fileRef = 4D8FB9222826AFD00072D4C0 /* CloverShape.swift */; };
		4D8FB9242826AFD60072D4C0 /* CloverShape.swift in Sources */ = {isa = PBXBuildFile; fileRef = 4D8FB9222826AFD00072D4C0 /* CloverShape.swift */; };
		4D8FB9292826D35E0072D4C0 /* ContentView+Crop.swift in Sources */ = {isa = PBXBuildFile; fileRef = 4D8FB9282826D35E0072D4C0 /* ContentView+Crop.swift */; };
		4D8FB92B2827A2A60072D4C0 /* ContentView+ColorPreview.swift in Sources */ = {isa = PBXBuildFile; fileRef = 4D8FB92A2827A2A60072D4C0 /* ContentView+ColorPreview.swift */; };
		4D8FB92F2827AAEA0072D4C0 /* Localizable.strings in Resources */ = {isa = PBXBuildFile; fileRef = 4D8FB9322827AAEA0072D4C0 /* Localizable.strings */; };
		4D8FB9302827AAEA0072D4C0 /* Localizable.strings in Resources */ = {isa = PBXBuildFile; fileRef = 4D8FB9322827AAEA0072D4C0 /* Localizable.strings */; };
		4DA546E927F45E7900CD04EF /* uclockwidgetApp.swift in Sources */ = {isa = PBXBuildFile; fileRef = 4DA546E827F45E7900CD04EF /* uclockwidgetApp.swift */; };
		4DA546EB27F45E7900CD04EF /* ContentView.swift in Sources */ = {isa = PBXBuildFile; fileRef = 4DA546EA27F45E7900CD04EF /* ContentView.swift */; };
		4DA546ED27F45E7A00CD04EF /* Assets.xcassets in Resources */ = {isa = PBXBuildFile; fileRef = 4DA546EC27F45E7A00CD04EF /* Assets.xcassets */; };
		4DA546F027F45E7A00CD04EF /* Preview Assets.xcassets in Resources */ = {isa = PBXBuildFile; fileRef = 4DA546EF27F45E7A00CD04EF /* Preview Assets.xcassets */; };
		4DA546FE27F45F9D00CD04EF /* WidgetKit.framework in Frameworks */ = {isa = PBXBuildFile; fileRef = 4DA546FD27F45F9D00CD04EF /* WidgetKit.framework */; };
		4DA5470027F45F9D00CD04EF /* SwiftUI.framework in Frameworks */ = {isa = PBXBuildFile; fileRef = 4DA546FF27F45F9D00CD04EF /* SwiftUI.framework */; };
		4DA5470327F45F9D00CD04EF /* UCWGext.swift in Sources */ = {isa = PBXBuildFile; fileRef = 4DA5470227F45F9D00CD04EF /* UCWGext.swift */; };
		4DA5470627F45F9D00CD04EF /* Assets.xcassets in Resources */ = {isa = PBXBuildFile; fileRef = 4DA5470527F45F9D00CD04EF /* Assets.xcassets */; };
		4DA5470827F45F9D00CD04EF /* UCWGext.intentdefinition in Sources */ = {isa = PBXBuildFile; fileRef = 4DA5470427F45F9D00CD04EF /* UCWGext.intentdefinition */; };
		4DA5470927F45F9D00CD04EF /* UCWGext.intentdefinition in Sources */ = {isa = PBXBuildFile; fileRef = 4DA5470427F45F9D00CD04EF /* UCWGext.intentdefinition */; };
		4DA5470C27F45F9D00CD04EF /* UCWGextExtension.appex in Embed App Extensions */ = {isa = PBXBuildFile; fileRef = 4DA546FB27F45F9D00CD04EF /* UCWGextExtension.appex */; settings = {ATTRIBUTES = (RemoveHeadersOnCopy, ); }; };
		4DA5471327F46B6600CD04EF /* ScallopShape.swift in Sources */ = {isa = PBXBuildFile; fileRef = 4DA5471227F46B6600CD04EF /* ScallopShape.swift */; };
		4DA5471427F46B6600CD04EF /* ScallopShape.swift in Sources */ = {isa = PBXBuildFile; fileRef = 4DA5471227F46B6600CD04EF /* ScallopShape.swift */; };
		4DA5471627F4A2D900CD04EF /* Utils.swift in Sources */ = {isa = PBXBuildFile; fileRef = 4DA5471527F4A2D900CD04EF /* Utils.swift */; };
		4DA5471727F4A2D900CD04EF /* Utils.swift in Sources */ = {isa = PBXBuildFile; fileRef = 4DA5471527F4A2D900CD04EF /* Utils.swift */; };
		4DA5471927F4A36C00CD04EF /* ClockView.swift in Sources */ = {isa = PBXBuildFile; fileRef = 4DA5471827F4A36C00CD04EF /* ClockView.swift */; };
		4DA5471A27F4A36C00CD04EF /* ClockView.swift in Sources */ = {isa = PBXBuildFile; fileRef = 4DA5471827F4A36C00CD04EF /* ClockView.swift */; };
		4DB16BCF282001B700684B5F /* BackgroundClip.swift in Sources */ = {isa = PBXBuildFile; fileRef = 4DC8B62E27F5A3D800B7A927 /* BackgroundClip.swift */; };
		4DC8B62D27F59E7D00B7A927 /* ImagePicker.swift in Sources */ = {isa = PBXBuildFile; fileRef = 4DC8B62C27F59E7D00B7A927 /* ImagePicker.swift */; };
		4DC8B62F27F5A3D800B7A927 /* BackgroundClip.swift in Sources */ = {isa = PBXBuildFile; fileRef = 4DC8B62E27F5A3D800B7A927 /* BackgroundClip.swift */; };
		4DC9D1322822160500B614E6 /* InfoView.swift in Sources */ = {isa = PBXBuildFile; fileRef = 4DC9D1312822160500B614E6 /* InfoView.swift */; };
		773217DB9A28531A556D9A3B /* Pods_uclockwidget.framework in Frameworks */ = {isa = PBXBuildFile; fileRef = 695F30F460A6E1A904E2A020 /* Pods_uclockwidget.framework */; };
/* End PBXBuildFile section */

/* Begin PBXContainerItemProxy section */
		4DA5470A27F45F9D00CD04EF /* PBXContainerItemProxy */ = {
			isa = PBXContainerItemProxy;
			containerPortal = 4DA546DD27F45E7900CD04EF /* Project object */;
			proxyType = 1;
			remoteGlobalIDString = 4DA546FA27F45F9D00CD04EF;
			remoteInfo = UCWGextExtension;
		};
/* End PBXContainerItemProxy section */

/* Begin PBXCopyFilesBuildPhase section */
		4DA5471027F45F9D00CD04EF /* Embed App Extensions */ = {
			isa = PBXCopyFilesBuildPhase;
			buildActionMask = 2147483647;
			dstPath = "";
			dstSubfolderSpec = 13;
			files = (
				4DA5470C27F45F9D00CD04EF /* UCWGextExtension.appex in Embed App Extensions */,
			);
			name = "Embed App Extensions";
			runOnlyForDeploymentPostprocessing = 0;
		};
/* End PBXCopyFilesBuildPhase section */

/* Begin PBXFileReference section */
		4D8FB92028269AA70072D4C0 /* ContentViewComponents.swift */ = {isa = PBXFileReference; lastKnownFileType = sourcecode.swift; path = ContentViewComponents.swift; sourceTree = "<group>"; };
		4D8FB9222826AFD00072D4C0 /* CloverShape.swift */ = {isa = PBXFileReference; lastKnownFileType = sourcecode.swift; path = CloverShape.swift; sourceTree = "<group>"; wrapsLines = 0; };
		4D8FB9282826D35E0072D4C0 /* ContentView+Crop.swift */ = {isa = PBXFileReference; lastKnownFileType = sourcecode.swift; path = "ContentView+Crop.swift"; sourceTree = "<group>"; };
		4D8FB92A2827A2A60072D4C0 /* ContentView+ColorPreview.swift */ = {isa = PBXFileReference; lastKnownFileType = sourcecode.swift; path = "ContentView+ColorPreview.swift"; sourceTree = "<group>"; };
		4D8FB9312827AAEA0072D4C0 /* en */ = {isa = PBXFileReference; lastKnownFileType = text.plist.strings; name = en; path = en.lproj/Localizable.strings; sourceTree = "<group>"; };
		4D8FB9332827AAFE0072D4C0 /* zh-Hans */ = {isa = PBXFileReference; lastKnownFileType = text.plist.strings; name = "zh-Hans"; path = "zh-Hans.lproj/Localizable.strings"; sourceTree = "<group>"; };
		4DA546E527F45E7900CD04EF /* uclk.app */ = {isa = PBXFileReference; explicitFileType = wrapper.application; includeInIndex = 0; path = uclk.app; sourceTree = BUILT_PRODUCTS_DIR; };
		4DA546E827F45E7900CD04EF /* uclockwidgetApp.swift */ = {isa = PBXFileReference; lastKnownFileType = sourcecode.swift; path = uclockwidgetApp.swift; sourceTree = "<group>"; };
		4DA546EA27F45E7900CD04EF /* ContentView.swift */ = {isa = PBXFileReference; lastKnownFileType = sourcecode.swift; path = ContentView.swift; sourceTree = "<group>"; wrapsLines = 0; };
		4DA546EC27F45E7A00CD04EF /* Assets.xcassets */ = {isa = PBXFileReference; lastKnownFileType = folder.assetcatalog; path = Assets.xcassets; sourceTree = "<group>"; };
		4DA546EF27F45E7A00CD04EF /* Preview Assets.xcassets */ = {isa = PBXFileReference; lastKnownFileType = folder.assetcatalog; path = "Preview Assets.xcassets"; sourceTree = "<group>"; };
		4DA546F627F45EC800CD04EF /* Info.plist */ = {isa = PBXFileReference; lastKnownFileType = text.plist; path = Info.plist; sourceTree = "<group>"; };
		4DA546FB27F45F9D00CD04EF /* UCWGextExtension.appex */ = {isa = PBXFileReference; explicitFileType = "wrapper.app-extension"; includeInIndex = 0; path = UCWGextExtension.appex; sourceTree = BUILT_PRODUCTS_DIR; };
		4DA546FD27F45F9D00CD04EF /* WidgetKit.framework */ = {isa = PBXFileReference; lastKnownFileType = wrapper.framework; name = WidgetKit.framework; path = System/Library/Frameworks/WidgetKit.framework; sourceTree = SDKROOT; };
		4DA546FF27F45F9D00CD04EF /* SwiftUI.framework */ = {isa = PBXFileReference; lastKnownFileType = wrapper.framework; name = SwiftUI.framework; path = System/Library/Frameworks/SwiftUI.framework; sourceTree = SDKROOT; };
		4DA5470227F45F9D00CD04EF /* UCWGext.swift */ = {isa = PBXFileReference; lastKnownFileType = sourcecode.swift; path = UCWGext.swift; sourceTree = "<group>"; };
		4DA5470427F45F9D00CD04EF /* UCWGext.intentdefinition */ = {isa = PBXFileReference; lastKnownFileType = file.intentdefinition; path = UCWGext.intentdefinition; sourceTree = "<group>"; };
		4DA5470527F45F9D00CD04EF /* Assets.xcassets */ = {isa = PBXFileReference; lastKnownFileType = folder.assetcatalog; path = Assets.xcassets; sourceTree = "<group>"; };
		4DA5470727F45F9D00CD04EF /* Info.plist */ = {isa = PBXFileReference; lastKnownFileType = text.plist.xml; path = Info.plist; sourceTree = "<group>"; };
		4DA5471227F46B6600CD04EF /* ScallopShape.swift */ = {isa = PBXFileReference; lastKnownFileType = sourcecode.swift; path = ScallopShape.swift; sourceTree = "<group>"; };
		4DA5471527F4A2D900CD04EF /* Utils.swift */ = {isa = PBXFileReference; lastKnownFileType = sourcecode.swift; path = Utils.swift; sourceTree = "<group>"; };
		4DA5471827F4A36C00CD04EF /* ClockView.swift */ = {isa = PBXFileReference; lastKnownFileType = sourcecode.swift; path = ClockView.swift; sourceTree = "<group>"; wrapsLines = 0; };
		4DB16BD028200A4E00684B5F /* uclockwidget.entitlements */ = {isa = PBXFileReference; lastKnownFileType = text.plist.entitlements; path = uclockwidget.entitlements; sourceTree = "<group>"; };
		4DB16BD128200A7200684B5F /* UCWGextExtension.entitlements */ = {isa = PBXFileReference; lastKnownFileType = text.plist.entitlements; path = UCWGextExtension.entitlements; sourceTree = "<group>"; };
		4DC8B62C27F59E7D00B7A927 /* ImagePicker.swift */ = {isa = PBXFileReference; lastKnownFileType = sourcecode.swift; path = ImagePicker.swift; sourceTree = "<group>"; };
		4DC8B62E27F5A3D800B7A927 /* BackgroundClip.swift */ = {isa = PBXFileReference; lastKnownFileType = sourcecode.swift; path = BackgroundClip.swift; sourceTree = "<group>"; };
		4DC9D1312822160500B614E6 /* InfoView.swift */ = {isa = PBXFileReference; lastKnownFileType = sourcecode.swift; path = InfoView.swift; sourceTree = "<group>"; };
		695F30F460A6E1A904E2A020 /* Pods_uclockwidget.framework */ = {isa = PBXFileReference; explicitFileType = wrapper.framework; includeInIndex = 0; path = Pods_uclockwidget.framework; sourceTree = BUILT_PRODUCTS_DIR; };
		84E906C1DCAB5D9D96F5AA6C /* Pods-uclockwidget.debug.xcconfig */ = {isa = PBXFileReference; includeInIndex = 1; lastKnownFileType = text.xcconfig; name = "Pods-uclockwidget.debug.xcconfig"; path = "Target Support Files/Pods-uclockwidget/Pods-uclockwidget.debug.xcconfig"; sourceTree = "<group>"; };
		B50AA8415674EA98EC56CC89 /* Pods-uclockwidget.release.xcconfig */ = {isa = PBXFileReference; includeInIndex = 1; lastKnownFileType = text.xcconfig; name = "Pods-uclockwidget.release.xcconfig"; path = "Target Support Files/Pods-uclockwidget/Pods-uclockwidget.release.xcconfig"; sourceTree = "<group>"; };
/* End PBXFileReference section */

/* Begin PBXFrameworksBuildPhase section */
		4DA546E227F45E7900CD04EF /* Frameworks */ = {
			isa = PBXFrameworksBuildPhase;
			buildActionMask = 2147483647;
			files = (
				773217DB9A28531A556D9A3B /* Pods_uclockwidget.framework in Frameworks */,
			);
			runOnlyForDeploymentPostprocessing = 0;
		};
		4DA546F827F45F9D00CD04EF /* Frameworks */ = {
			isa = PBXFrameworksBuildPhase;
			buildActionMask = 2147483647;
			files = (
				4DA5470027F45F9D00CD04EF /* SwiftUI.framework in Frameworks */,
				4DA546FE27F45F9D00CD04EF /* WidgetKit.framework in Frameworks */,
			);
			runOnlyForDeploymentPostprocessing = 0;
		};
/* End PBXFrameworksBuildPhase section */

/* Begin PBXGroup section */
		4DA546DC27F45E7900CD04EF = {
			isa = PBXGroup;
			children = (
				4DB16BD128200A7200684B5F /* UCWGextExtension.entitlements */,
				4DA546E727F45E7900CD04EF /* uclockwidget */,
				4DA5470127F45F9D00CD04EF /* UCWGext */,
				4DA5471127F46B4D00CD04EF /* shared */,
				4DA546FC27F45F9D00CD04EF /* Frameworks */,
				4DA546E627F45E7900CD04EF /* Products */,
				DE00CE5B51E9C9A3F6A4B86C /* Pods */,
			);
			sourceTree = "<group>";
			wrapsLines = 0;
		};
		4DA546E627F45E7900CD04EF /* Products */ = {
			isa = PBXGroup;
			children = (
				4DA546E527F45E7900CD04EF /* uclk.app */,
				4DA546FB27F45F9D00CD04EF /* UCWGextExtension.appex */,
			);
			name = Products;
			sourceTree = "<group>";
		};
		4DA546E727F45E7900CD04EF /* uclockwidget */ = {
			isa = PBXGroup;
			children = (
				4DB16BD028200A4E00684B5F /* uclockwidget.entitlements */,
				4DA546F627F45EC800CD04EF /* Info.plist */,
				4DA546E827F45E7900CD04EF /* uclockwidgetApp.swift */,
				4DA546EA27F45E7900CD04EF /* ContentView.swift */,
				4D8FB9282826D35E0072D4C0 /* ContentView+Crop.swift */,
				4D8FB92A2827A2A60072D4C0 /* ContentView+ColorPreview.swift */,
				4D8FB92028269AA70072D4C0 /* ContentViewComponents.swift */,
				4DA546EC27F45E7A00CD04EF /* Assets.xcassets */,
				4DA546EE27F45E7A00CD04EF /* Preview Content */,
				4DC8B62C27F59E7D00B7A927 /* ImagePicker.swift */,
				4DC8B62E27F5A3D800B7A927 /* BackgroundClip.swift */,
				4DC9D1312822160500B614E6 /* InfoView.swift */,
			);
			path = uclockwidget;
			sourceTree = "<group>";
		};
		4DA546EE27F45E7A00CD04EF /* Preview Content */ = {
			isa = PBXGroup;
			children = (
				4DA546EF27F45E7A00CD04EF /* Preview Assets.xcassets */,
			);
			path = "Preview Content";
			sourceTree = "<group>";
		};
		4DA546FC27F45F9D00CD04EF /* Frameworks */ = {
			isa = PBXGroup;
			children = (
				4DA546FD27F45F9D00CD04EF /* WidgetKit.framework */,
				4DA546FF27F45F9D00CD04EF /* SwiftUI.framework */,
				695F30F460A6E1A904E2A020 /* Pods_uclockwidget.framework */,
			);
			name = Frameworks;
			sourceTree = "<group>";
		};
		4DA5470127F45F9D00CD04EF /* UCWGext */ = {
			isa = PBXGroup;
			children = (
				4DA5470227F45F9D00CD04EF /* UCWGext.swift */,
				4DA5470427F45F9D00CD04EF /* UCWGext.intentdefinition */,
				4DA5470527F45F9D00CD04EF /* Assets.xcassets */,
				4DA5470727F45F9D00CD04EF /* Info.plist */,
			);
			path = UCWGext;
			sourceTree = "<group>";
		};
		4DA5471127F46B4D00CD04EF /* shared */ = {
			isa = PBXGroup;
			children = (
				4DA5471827F4A36C00CD04EF /* ClockView.swift */,
				4DA5471227F46B6600CD04EF /* ScallopShape.swift */,
				4D8FB9222826AFD00072D4C0 /* CloverShape.swift */,
				4DA5471527F4A2D900CD04EF /* Utils.swift */,
				4D8FB9322827AAEA0072D4C0 /* Localizable.strings */,
			);
			path = shared;
			sourceTree = "<group>";
		};
		DE00CE5B51E9C9A3F6A4B86C /* Pods */ = {
			isa = PBXGroup;
			children = (
				84E906C1DCAB5D9D96F5AA6C /* Pods-uclockwidget.debug.xcconfig */,
				B50AA8415674EA98EC56CC89 /* Pods-uclockwidget.release.xcconfig */,
			);
			path = Pods;
			sourceTree = "<group>";
		};
/* End PBXGroup section */

/* Begin PBXNativeTarget section */
		4DA546E427F45E7900CD04EF /* uclockwidget */ = {
			isa = PBXNativeTarget;
			buildConfigurationList = 4DA546F327F45E7A00CD04EF /* Build configuration list for PBXNativeTarget "uclockwidget" */;
			buildPhases = (
				75E29C38F8C9C8B6A82FCE78 /* [CP] Check Pods Manifest.lock */,
				4DA546E127F45E7900CD04EF /* Sources */,
				4DA546E227F45E7900CD04EF /* Frameworks */,
				4DA546E327F45E7900CD04EF /* Resources */,
				4DA5471027F45F9D00CD04EF /* Embed App Extensions */,
				11EADBAE45BA9EBFB0688238 /* [CP] Embed Pods Frameworks */,
			);
			buildRules = (
			);
			dependencies = (
				4DA5470B27F45F9D00CD04EF /* PBXTargetDependency */,
			);
			name = uclockwidget;
			productName = uclockwidget;
			productReference = 4DA546E527F45E7900CD04EF /* uclk.app */;
			productType = "com.apple.product-type.application";
		};
		4DA546FA27F45F9D00CD04EF /* UCWGextExtension */ = {
			isa = PBXNativeTarget;
			buildConfigurationList = 4DA5470D27F45F9D00CD04EF /* Build configuration list for PBXNativeTarget "UCWGextExtension" */;
			buildPhases = (
				4DA546F727F45F9D00CD04EF /* Sources */,
				4DA546F827F45F9D00CD04EF /* Frameworks */,
				4DA546F927F45F9D00CD04EF /* Resources */,
			);
			buildRules = (
			);
			dependencies = (
			);
			name = UCWGextExtension;
			productName = UCWGextExtension;
			productReference = 4DA546FB27F45F9D00CD04EF /* UCWGextExtension.appex */;
			productType = "com.apple.product-type.app-extension";
		};
/* End PBXNativeTarget section */

/* Begin PBXProject section */
		4DA546DD27F45E7900CD04EF /* Project object */ = {
			isa = PBXProject;
			attributes = {
				BuildIndependentTargetsInParallel = 1;
				LastSwiftUpdateCheck = 1330;
				LastUpgradeCheck = 1330;
				TargetAttributes = {
					4DA546E427F45E7900CD04EF = {
						CreatedOnToolsVersion = 13.3;
					};
					4DA546FA27F45F9D00CD04EF = {
						CreatedOnToolsVersion = 13.3;
					};
				};
			};
			buildConfigurationList = 4DA546E027F45E7900CD04EF /* Build configuration list for PBXProject "uclockwidget" */;
			compatibilityVersion = "Xcode 13.0";
			developmentRegion = en;
			hasScannedForEncodings = 0;
			knownRegions = (
				en,
				Base,
				"zh-Hans",
			);
			mainGroup = 4DA546DC27F45E7900CD04EF;
			productRefGroup = 4DA546E627F45E7900CD04EF /* Products */;
			projectDirPath = "";
			projectRoot = "";
			targets = (
				4DA546E427F45E7900CD04EF /* uclockwidget */,
				4DA546FA27F45F9D00CD04EF /* UCWGextExtension */,
			);
		};
/* End PBXProject section */

/* Begin PBXResourcesBuildPhase section */
		4DA546E327F45E7900CD04EF /* Resources */ = {
			isa = PBXResourcesBuildPhase;
			buildActionMask = 2147483647;
			files = (
				4DA546F027F45E7A00CD04EF /* Preview Assets.xcassets in Resources */,
				4D8FB92F2827AAEA0072D4C0 /* Localizable.strings in Resources */,
				4DA546ED27F45E7A00CD04EF /* Assets.xcassets in Resources */,
			);
			runOnlyForDeploymentPostprocessing = 0;
		};
		4DA546F927F45F9D00CD04EF /* Resources */ = {
			isa = PBXResourcesBuildPhase;
			buildActionMask = 2147483647;
			files = (
				4DA5470627F45F9D00CD04EF /* Assets.xcassets in Resources */,
				4D8FB9302827AAEA0072D4C0 /* Localizable.strings in Resources */,
			);
			runOnlyForDeploymentPostprocessing = 0;
		};
/* End PBXResourcesBuildPhase section */

/* Begin PBXShellScriptBuildPhase section */
		11EADBAE45BA9EBFB0688238 /* [CP] Embed Pods Frameworks */ = {
			isa = PBXShellScriptBuildPhase;
			buildActionMask = 2147483647;
			files = (
			);
			inputFileListPaths = (
				"${PODS_ROOT}/Target Support Files/Pods-uclockwidget/Pods-uclockwidget-frameworks-${CONFIGURATION}-input-files.xcfilelist",
			);
			name = "[CP] Embed Pods Frameworks";
			outputFileListPaths = (
				"${PODS_ROOT}/Target Support Files/Pods-uclockwidget/Pods-uclockwidget-frameworks-${CONFIGURATION}-output-files.xcfilelist",
			);
			runOnlyForDeploymentPostprocessing = 0;
			shellPath = /bin/sh;
			shellScript = "\"${PODS_ROOT}/Target Support Files/Pods-uclockwidget/Pods-uclockwidget-frameworks.sh\"\n";
			showEnvVarsInLog = 0;
		};
		75E29C38F8C9C8B6A82FCE78 /* [CP] Check Pods Manifest.lock */ = {
			isa = PBXShellScriptBuildPhase;
			buildActionMask = 2147483647;
			files = (
			);
			inputFileListPaths = (
			);
			inputPaths = (
				"${PODS_PODFILE_DIR_PATH}/Podfile.lock",
				"${PODS_ROOT}/Manifest.lock",
			);
			name = "[CP] Check Pods Manifest.lock";
			outputFileListPaths = (
			);
			outputPaths = (
				"$(DERIVED_FILE_DIR)/Pods-uclockwidget-checkManifestLockResult.txt",
			);
			runOnlyForDeploymentPostprocessing = 0;
			shellPath = /bin/sh;
			shellScript = "diff \"${PODS_PODFILE_DIR_PATH}/Podfile.lock\" \"${PODS_ROOT}/Manifest.lock\" > /dev/null\nif [ $? != 0 ] ; then\n    # print error to STDERR\n    echo \"error: The sandbox is not in sync with the Podfile.lock. Run 'pod install' or update your CocoaPods installation.\" >&2\n    exit 1\nfi\n# This output is used by Xcode 'outputs' to avoid re-running this script phase.\necho \"SUCCESS\" > \"${SCRIPT_OUTPUT_FILE_0}\"\n";
			showEnvVarsInLog = 0;
		};
/* End PBXShellScriptBuildPhase section */

/* Begin PBXSourcesBuildPhase section */
		4DA546E127F45E7900CD04EF /* Sources */ = {
			isa = PBXSourcesBuildPhase;
			buildActionMask = 2147483647;
			files = (
				4D8FB9232826AFD00072D4C0 /* CloverShape.swift in Sources */,
				4DA5471627F4A2D900CD04EF /* Utils.swift in Sources */,
				4D8FB9292826D35E0072D4C0 /* ContentView+Crop.swift in Sources */,
				4DA5470927F45F9D00CD04EF /* UCWGext.intentdefinition in Sources */,
				4DA5471927F4A36C00CD04EF /* ClockView.swift in Sources */,
				4DC8B62D27F59E7D00B7A927 /* ImagePicker.swift in Sources */,
				4DA5471327F46B6600CD04EF /* ScallopShape.swift in Sources */,
				4D8FB92B2827A2A60072D4C0 /* ContentView+ColorPreview.swift in Sources */,
				4DA546EB27F45E7900CD04EF /* ContentView.swift in Sources */,
				4D8FB92128269AA70072D4C0 /* ContentViewComponents.swift in Sources */,
				4DA546E927F45E7900CD04EF /* uclockwidgetApp.swift in Sources */,
				4DC9D1322822160500B614E6 /* InfoView.swift in Sources */,
				4DC8B62F27F5A3D800B7A927 /* BackgroundClip.swift in Sources */,
			);
			runOnlyForDeploymentPostprocessing = 0;
		};
		4DA546F727F45F9D00CD04EF /* Sources */ = {
			isa = PBXSourcesBuildPhase;
			buildActionMask = 2147483647;
			files = (
				4D8FB9242826AFD60072D4C0 /* CloverShape.swift in Sources */,
				4DA5471427F46B6600CD04EF /* ScallopShape.swift in Sources */,
				4DA5470827F45F9D00CD04EF /* UCWGext.intentdefinition in Sources */,
				4DA5470327F45F9D00CD04EF /* UCWGext.swift in Sources */,
				4DB16BCF282001B700684B5F /* BackgroundClip.swift in Sources */,
				4DA5471A27F4A36C00CD04EF /* ClockView.swift in Sources */,
				4DA5471727F4A2D900CD04EF /* Utils.swift in Sources */,
			);
			runOnlyForDeploymentPostprocessing = 0;
		};
/* End PBXSourcesBuildPhase section */

/* Begin PBXTargetDependency section */
		4DA5470B27F45F9D00CD04EF /* PBXTargetDependency */ = {
			isa = PBXTargetDependency;
			target = 4DA546FA27F45F9D00CD04EF /* UCWGextExtension */;
			targetProxy = 4DA5470A27F45F9D00CD04EF /* PBXContainerItemProxy */;
		};
/* End PBXTargetDependency section */

/* Begin PBXVariantGroup section */
		4D8FB9322827AAEA0072D4C0 /* Localizable.strings */ = {
			isa = PBXVariantGroup;
			children = (
				4D8FB9312827AAEA0072D4C0 /* en */,
				4D8FB9332827AAFE0072D4C0 /* zh-Hans */,
			);
			name = Localizable.strings;
			sourceTree = "<group>";
		};
/* End PBXVariantGroup section */

/* Begin XCBuildConfiguration section */
		4DA546F127F45E7A00CD04EF /* Debug */ = {
			isa = XCBuildConfiguration;
			buildSettings = {
				ALWAYS_SEARCH_USER_PATHS = NO;
				CLANG_ANALYZER_LOCALIZABILITY_NONLOCALIZED = YES;
				CLANG_ANALYZER_NONNULL = YES;
				CLANG_ANALYZER_NUMBER_OBJECT_CONVERSION = YES_AGGRESSIVE;
				CLANG_CXX_LANGUAGE_STANDARD = "gnu++17";
				CLANG_ENABLE_MODULES = YES;
				CLANG_ENABLE_OBJC_ARC = YES;
				CLANG_ENABLE_OBJC_WEAK = YES;
				CLANG_WARN_BLOCK_CAPTURE_AUTORELEASING = YES;
				CLANG_WARN_BOOL_CONVERSION = YES;
				CLANG_WARN_COMMA = YES;
				CLANG_WARN_CONSTANT_CONVERSION = YES;
				CLANG_WARN_DEPRECATED_OBJC_IMPLEMENTATIONS = YES;
				CLANG_WARN_DIRECT_OBJC_ISA_USAGE = YES_ERROR;
				CLANG_WARN_DOCUMENTATION_COMMENTS = YES;
				CLANG_WARN_EMPTY_BODY = YES;
				CLANG_WARN_ENUM_CONVERSION = YES;
				CLANG_WARN_INFINITE_RECURSION = YES;
				CLANG_WARN_INT_CONVERSION = YES;
				CLANG_WARN_NON_LITERAL_NULL_CONVERSION = YES;
				CLANG_WARN_OBJC_IMPLICIT_RETAIN_SELF = YES;
				CLANG_WARN_OBJC_LITERAL_CONVERSION = YES;
				CLANG_WARN_OBJC_ROOT_CLASS = YES_ERROR;
				CLANG_WARN_QUOTED_INCLUDE_IN_FRAMEWORK_HEADER = YES;
				CLANG_WARN_RANGE_LOOP_ANALYSIS = YES;
				CLANG_WARN_STRICT_PROTOTYPES = YES;
				CLANG_WARN_SUSPICIOUS_MOVE = YES;
				CLANG_WARN_UNGUARDED_AVAILABILITY = YES_AGGRESSIVE;
				CLANG_WARN_UNREACHABLE_CODE = YES;
				CLANG_WARN__DUPLICATE_METHOD_MATCH = YES;
				COPY_PHASE_STRIP = NO;
				DEBUG_INFORMATION_FORMAT = dwarf;
				ENABLE_STRICT_OBJC_MSGSEND = YES;
				ENABLE_TESTABILITY = YES;
				GCC_C_LANGUAGE_STANDARD = gnu11;
				GCC_DYNAMIC_NO_PIC = NO;
				GCC_NO_COMMON_BLOCKS = YES;
				GCC_OPTIMIZATION_LEVEL = 0;
				GCC_PREPROCESSOR_DEFINITIONS = (
					"DEBUG=1",
					"$(inherited)",
				);
				GCC_WARN_64_TO_32_BIT_CONVERSION = YES;
				GCC_WARN_ABOUT_RETURN_TYPE = YES_ERROR;
				GCC_WARN_UNDECLARED_SELECTOR = YES;
				GCC_WARN_UNINITIALIZED_AUTOS = YES_AGGRESSIVE;
				GCC_WARN_UNUSED_FUNCTION = YES;
				GCC_WARN_UNUSED_VARIABLE = YES;
				IPHONEOS_DEPLOYMENT_TARGET = 15.4;
				MTL_ENABLE_DEBUG_INFO = INCLUDE_SOURCE;
				MTL_FAST_MATH = YES;
				ONLY_ACTIVE_ARCH = YES;
				SDKROOT = iphoneos;
				SWIFT_ACTIVE_COMPILATION_CONDITIONS = DEBUG;
				SWIFT_OPTIMIZATION_LEVEL = "-Onone";
			};
			name = Debug;
		};
		4DA546F227F45E7A00CD04EF /* Release */ = {
			isa = XCBuildConfiguration;
			buildSettings = {
				ALWAYS_SEARCH_USER_PATHS = NO;
				CLANG_ANALYZER_LOCALIZABILITY_NONLOCALIZED = YES;
				CLANG_ANALYZER_NONNULL = YES;
				CLANG_ANALYZER_NUMBER_OBJECT_CONVERSION = YES_AGGRESSIVE;
				CLANG_CXX_LANGUAGE_STANDARD = "gnu++17";
				CLANG_ENABLE_MODULES = YES;
				CLANG_ENABLE_OBJC_ARC = YES;
				CLANG_ENABLE_OBJC_WEAK = YES;
				CLANG_WARN_BLOCK_CAPTURE_AUTORELEASING = YES;
				CLANG_WARN_BOOL_CONVERSION = YES;
				CLANG_WARN_COMMA = YES;
				CLANG_WARN_CONSTANT_CONVERSION = YES;
				CLANG_WARN_DEPRECATED_OBJC_IMPLEMENTATIONS = YES;
				CLANG_WARN_DIRECT_OBJC_ISA_USAGE = YES_ERROR;
				CLANG_WARN_DOCUMENTATION_COMMENTS = YES;
				CLANG_WARN_EMPTY_BODY = YES;
				CLANG_WARN_ENUM_CONVERSION = YES;
				CLANG_WARN_INFINITE_RECURSION = YES;
				CLANG_WARN_INT_CONVERSION = YES;
				CLANG_WARN_NON_LITERAL_NULL_CONVERSION = YES;
				CLANG_WARN_OBJC_IMPLICIT_RETAIN_SELF = YES;
				CLANG_WARN_OBJC_LITERAL_CONVERSION = YES;
				CLANG_WARN_OBJC_ROOT_CLASS = YES_ERROR;
				CLANG_WARN_QUOTED_INCLUDE_IN_FRAMEWORK_HEADER = YES;
				CLANG_WARN_RANGE_LOOP_ANALYSIS = YES;
				CLANG_WARN_STRICT_PROTOTYPES = YES;
				CLANG_WARN_SUSPICIOUS_MOVE = YES;
				CLANG_WARN_UNGUARDED_AVAILABILITY = YES_AGGRESSIVE;
				CLANG_WARN_UNREACHABLE_CODE = YES;
				CLANG_WARN__DUPLICATE_METHOD_MATCH = YES;
				COPY_PHASE_STRIP = NO;
				DEBUG_INFORMATION_FORMAT = "dwarf-with-dsym";
				ENABLE_NS_ASSERTIONS = NO;
				ENABLE_STRICT_OBJC_MSGSEND = YES;
				GCC_C_LANGUAGE_STANDARD = gnu11;
				GCC_NO_COMMON_BLOCKS = YES;
				GCC_WARN_64_TO_32_BIT_CONVERSION = YES;
				GCC_WARN_ABOUT_RETURN_TYPE = YES_ERROR;
				GCC_WARN_UNDECLARED_SELECTOR = YES;
				GCC_WARN_UNINITIALIZED_AUTOS = YES_AGGRESSIVE;
				GCC_WARN_UNUSED_FUNCTION = YES;
				GCC_WARN_UNUSED_VARIABLE = YES;
				IPHONEOS_DEPLOYMENT_TARGET = 15.4;
				MTL_ENABLE_DEBUG_INFO = NO;
				MTL_FAST_MATH = YES;
				SDKROOT = iphoneos;
				SWIFT_COMPILATION_MODE = wholemodule;
				SWIFT_OPTIMIZATION_LEVEL = "-O";
				VALIDATE_PRODUCT = YES;
			};
			name = Release;
		};
		4DA546F427F45E7A00CD04EF /* Debug */ = {
			isa = XCBuildConfiguration;
			baseConfigurationReference = 84E906C1DCAB5D9D96F5AA6C /* Pods-uclockwidget.debug.xcconfig */;
			buildSettings = {
				ALWAYS_EMBED_SWIFT_STANDARD_LIBRARIES = YES;
				ASSETCATALOG_COMPILER_APPICON_NAME = AppIcon;
				ASSETCATALOG_COMPILER_GLOBAL_ACCENT_COLOR_NAME = AccentColor;
				CODE_SIGN_ENTITLEMENTS = uclockwidget/uclockwidget.entitlements;
				CODE_SIGN_STYLE = Automatic;
				CURRENT_PROJECT_VERSION = 17;
				DEVELOPMENT_ASSET_PATHS = "\"uclockwidget/Preview Content\"";
				DEVELOPMENT_TEAM = JS2ME2LTBF;
				ENABLE_PREVIEWS = YES;
				GENERATE_INFOPLIST_FILE = YES;
				INFOPLIST_FILE = uclockwidget/Info.plist;
				INFOPLIST_KEY_CFBundleDisplayName = "  ";
				INFOPLIST_KEY_UIApplicationSceneManifest_Generation = YES;
				INFOPLIST_KEY_UIApplicationSupportsIndirectInputEvents = YES;
				INFOPLIST_KEY_UILaunchScreen_Generation = YES;
				INFOPLIST_KEY_UISupportedInterfaceOrientations = UIInterfaceOrientationPortrait;
				INFOPLIST_KEY_UISupportedInterfaceOrientations_iPad = "UIInterfaceOrientationPortrait UIInterfaceOrientationPortraitUpsideDown UIInterfaceOrientationLandscapeLeft UIInterfaceOrientationLandscapeRight";
				INFOPLIST_KEY_UISupportedInterfaceOrientations_iPhone = UIInterfaceOrientationPortrait;
				IPHONEOS_DEPLOYMENT_TARGET = 15.2;
				LD_RUNPATH_SEARCH_PATHS = (
					"$(inherited)",
					"@executable_path/Frameworks",
				);
				MARKETING_VERSION = 1.2.2;
				PRODUCT_BUNDLE_IDENTIFIER = com.wyw.uclockwidget;
				PRODUCT_NAME = uclk;
				SWIFT_EMIT_LOC_STRINGS = YES;
				SWIFT_VERSION = 5.0;
				TARGETED_DEVICE_FAMILY = 1;
			};
			name = Debug;
		};
		4DA546F527F45E7A00CD04EF /* Release */ = {
			isa = XCBuildConfiguration;
			baseConfigurationReference = B50AA8415674EA98EC56CC89 /* Pods-uclockwidget.release.xcconfig */;
			buildSettings = {
				ALWAYS_EMBED_SWIFT_STANDARD_LIBRARIES = YES;
				ASSETCATALOG_COMPILER_APPICON_NAME = AppIcon;
				ASSETCATALOG_COMPILER_GLOBAL_ACCENT_COLOR_NAME = AccentColor;
				CODE_SIGN_ENTITLEMENTS = uclockwidget/uclockwidget.entitlements;
				CODE_SIGN_STYLE = Automatic;
				CURRENT_PROJECT_VERSION = 17;
				DEVELOPMENT_ASSET_PATHS = "\"uclockwidget/Preview Content\"";
				DEVELOPMENT_TEAM = JS2ME2LTBF;
				ENABLE_PREVIEWS = YES;
				GENERATE_INFOPLIST_FILE = YES;
				INFOPLIST_FILE = uclockwidget/Info.plist;
				INFOPLIST_KEY_CFBundleDisplayName = "  ";
				INFOPLIST_KEY_UIApplicationSceneManifest_Generation = YES;
				INFOPLIST_KEY_UIApplicationSupportsIndirectInputEvents = YES;
				INFOPLIST_KEY_UILaunchScreen_Generation = YES;
				INFOPLIST_KEY_UISupportedInterfaceOrientations = UIInterfaceOrientationPortrait;
				INFOPLIST_KEY_UISupportedInterfaceOrientations_iPad = "UIInterfaceOrientationPortrait UIInterfaceOrientationPortraitUpsideDown UIInterfaceOrientationLandscapeLeft UIInterfaceOrientationLandscapeRight";
				INFOPLIST_KEY_UISupportedInterfaceOrientations_iPhone = UIInterfaceOrientationPortrait;
				IPHONEOS_DEPLOYMENT_TARGET = 15.2;
				LD_RUNPATH_SEARCH_PATHS = (
					"$(inherited)",
					"@executable_path/Frameworks",
				);
				MARKETING_VERSION = 1.2.2;
				PRODUCT_BUNDLE_IDENTIFIER = com.wyw.uclockwidget;
				PRODUCT_NAME = uclk;
				SWIFT_EMIT_LOC_STRINGS = YES;
				SWIFT_VERSION = 5.0;
				TARGETED_DEVICE_FAMILY = 1;
			};
			name = Release;
		};
		4DA5470E27F45F9D00CD04EF /* Debug */ = {
			isa = XCBuildConfiguration;
			buildSettings = {
				ASSETCATALOG_COMPILER_GLOBAL_ACCENT_COLOR_NAME = AccentColor;
				ASSETCATALOG_COMPILER_WIDGET_BACKGROUND_COLOR_NAME = WidgetBackground;
				CODE_SIGN_ENTITLEMENTS = UCWGextExtension.entitlements;
				CODE_SIGN_STYLE = Automatic;
				CURRENT_PROJECT_VERSION = 17;
				DEVELOPMENT_TEAM = JS2ME2LTBF;
				GENERATE_INFOPLIST_FILE = YES;
				INFOPLIST_FILE = UCWGext/Info.plist;
				INFOPLIST_KEY_CFBundleDisplayName = UClock;
				INFOPLIST_KEY_NSHumanReadableCopyright = "";
				IPHONEOS_DEPLOYMENT_TARGET = 15.2;
				LD_RUNPATH_SEARCH_PATHS = (
					"$(inherited)",
					"@executable_path/Frameworks",
					"@executable_path/../../Frameworks",
				);
				MARKETING_VERSION = 1.2.2;
				PRODUCT_BUNDLE_IDENTIFIER = com.wyw.uclockwidget.UCWGext;
				PRODUCT_NAME = "$(TARGET_NAME)";
				SKIP_INSTALL = YES;
				SWIFT_EMIT_LOC_STRINGS = YES;
				SWIFT_VERSION = 5.0;
				TARGETED_DEVICE_FAMILY = 1;
			};
			name = Debug;
		};
		4DA5470F27F45F9D00CD04EF /* Release */ = {
			isa = XCBuildConfiguration;
			buildSettings = {
				ASSETCATALOG_COMPILER_GLOBAL_ACCENT_COLOR_NAME = AccentColor;
				ASSETCATALOG_COMPILER_WIDGET_BACKGROUND_COLOR_NAME = WidgetBackground;
				CODE_SIGN_ENTITLEMENTS = UCWGextExtension.entitlements;
				CODE_SIGN_STYLE = Automatic;
				CURRENT_PROJECT_VERSION = 17;
				DEVELOPMENT_TEAM = JS2ME2LTBF;
				GENERATE_INFOPLIST_FILE = YES;
				INFOPLIST_FILE = UCWGext/Info.plist;
				INFOPLIST_KEY_CFBundleDisplayName = UClock;
				INFOPLIST_KEY_NSHumanReadableCopyright = "";
				IPHONEOS_DEPLOYMENT_TARGET = 15.2;
				LD_RUNPATH_SEARCH_PATHS = (
					"$(inherited)",
					"@executable_path/Frameworks",
					"@executable_path/../../Frameworks",
				);
				MARKETING_VERSION = 1.2.2;
				PRODUCT_BUNDLE_IDENTIFIER = com.wyw.uclockwidget.UCWGext;
				PRODUCT_NAME = "$(TARGET_NAME)";
				SKIP_INSTALL = YES;
				SWIFT_EMIT_LOC_STRINGS = YES;
				SWIFT_VERSION = 5.0;
				TARGETED_DEVICE_FAMILY = 1;
			};
			name = Release;
		};
/* End XCBuildConfiguration section */

/* Begin XCConfigurationList section */
		4DA546E027F45E7900CD04EF /* Build configuration list for PBXProject "uclockwidget" */ = {
			isa = XCConfigurationList;
			buildConfigurations = (
				4DA546F127F45E7A00CD04EF /* Debug */,
				4DA546F227F45E7A00CD04EF /* Release */,
			);
			defaultConfigurationIsVisible = 0;
			defaultConfigurationName = Release;
		};
		4DA546F327F45E7A00CD04EF /* Build configuration list for PBXNativeTarget "uclockwidget" */ = {
			isa = XCConfigurationList;
			buildConfigurations = (
				4DA546F427F45E7A00CD04EF /* Debug */,
				4DA546F527F45E7A00CD04EF /* Release */,
			);
			defaultConfigurationIsVisible = 0;
			defaultConfigurationName = Release;
		};
		4DA5470D27F45F9D00CD04EF /* Build configuration list for PBXNativeTarget "UCWGextExtension" */ = {
			isa = XCConfigurationList;
			buildConfigurations = (
				4DA5470E27F45F9D00CD04EF /* Debug */,
				4DA5470F27F45F9D00CD04EF /* Release */,
			);
			defaultConfigurationIsVisible = 0;
			defaultConfigurationName = Release;
		};
/* End XCConfigurationList section */
	};
	rootObject = 4DA546DD27F45E7900CD04EF /* Project object */;
}
