{
  "pins" : [
    {
      "identity" : "transparency",
      "kind" : "remoteSourceControl",
      "location" : "https://github.com/wangyiwei2015/Transparency",
      "state" : {
        "branch" : "dev",
        "revision" : "e42d5863b95578852929f9028593ee5d42d97f95"
      }
    }
  ],
  "version" : 2
}
