{
  "pins" : [
    {
      "identity" : "transparency",
      "kind" : "remoteSourceControl",
      "location" : "https://github.com/wangyiwei2015/Transparency",
      "state" : {
        "branch" : "dev",
        "revision" : "b929cb57a1a666c71c352f3835f944ff5c9762be"
      }
    }
  ],
  "version" : 2
}
