// !$*UTF8*$!
{
	archiveVersion = 1;
	classes = {
	};
	objectVersion = 77;
	objects = {

/* Begin PBXBuildFile section */
		B3476F8D2EF1692500FE8296 /* ColorThiefSwift in Frameworks */ = {isa = PBXBuildFile; productRef = B3476F8C2EF1692500FE8296 /* ColorThiefSwift */; };
		B3476F902EF1693E00FE8296 /* Transparency in Frameworks */ = {isa = PBXBuildFile; productRef = B3476F8F2EF1693E00FE8296 /* Transparency */; };
		B3476FB42EF16D2000FE8296 /* WidgetKit.framework in Frameworks */ = {isa = PBXBuildFile; fileRef = B3476FB32EF16D2000FE8296 /* WidgetKit.framework */; };
		B3476FB62EF16D2000FE8296 /* SwiftUI.framework in Frameworks */ = {isa = PBXBuildFile; fileRef = B3476FB52EF16D2000FE8296 /* SwiftUI.framework */; };
		B3476FC52EF16D2100FE8296 /* PxClockWidgetExtension.appex in Embed Foundation Extensions */ = {isa = PBXBuildFile; fileRef = B3476FB12EF16D2000FE8296 /* PxClockWidgetExtension.appex */; settings = {ATTRIBUTES = (RemoveHeadersOnCopy, ); }; };
/* End PBXBuildFile section */

/* Begin PBXContainerItemProxy section */
		B3476FC32EF16D2100FE8296 /* PBXContainerItemProxy */ = {
			isa = PBXContainerItemProxy;
			containerPortal = B3476F742EF159EE00FE8296 /* Project object */;
			proxyType = 1;
			remoteGlobalIDString = B3476FB02EF16D2000FE8296;
			remoteInfo = PxClockWidgetExtension;
		};
/* End PBXContainerItemProxy section */

/* Begin PBXCopyFilesBuildPhase section */
		B3476FCA2EF16D2100FE8296 /* Embed Foundation Extensions */ = {
			isa = PBXCopyFilesBuildPhase;
			buildActionMask = 2147483647;
			dstPath = "";
			dstSubfolderSpec = 13;
			files = (
				B3476FC52EF16D2100FE8296 /* PxClockWidgetExtension.appex in Embed Foundation Extensions */,
			);
			name = "Embed Foundation Extensions";
			runOnlyForDeploymentPostprocessing = 0;
		};
/* End PBXCopyFilesBuildPhase section */

/* Begin PBXFileReference section */
		B3476F7C2EF159EE00FE8296 /* PxClock.app */ = {isa = PBXFileReference; explicitFileType = wrapper.application; includeInIndex = 0; path = PxClock.app; sourceTree = BUILT_PRODUCTS_DIR; };
		B3476FB12EF16D2000FE8296 /* PxClockWidgetExtension.appex */ = {isa = PBXFileReference; explicitFileType = "wrapper.app-extension"; includeInIndex = 0; path = PxClockWidgetExtension.appex; sourceTree = BUILT_PRODUCTS_DIR; };
		B3476FB32EF16D2000FE8296 /* WidgetKit.framework */ = {isa = PBXFileReference; lastKnownFileType = wrapper.framework; name = WidgetKit.framework; path = System/Library/Frameworks/WidgetKit.framework; sourceTree = SDKROOT; };
		B3476FB52EF16D2000FE8296 /* SwiftUI.framework */ = {isa = PBXFileReference; lastKnownFileType = wrapper.framework; name = SwiftUI.framework; path = System/Library/Frameworks/SwiftUI.framework; sourceTree = SDKROOT; };
		B3476FCB2EF16D4F00FE8296 /* PxClockWidgetExtension.entitlements */ = {isa = PBXFileReference; lastKnownFileType = text.plist.entitlements; path = PxClockWidgetExtension.entitlements; sourceTree = "<group>"; };
/* End PBXFileReference section */

/* Begin PBXFileSystemSynchronizedBuildFileExceptionSet section */
		B3476F922EF169A100FE8296 /* Exceptions for "PxClock" folder in "PxClock" target */ = {
			isa = PBXFileSystemSynchronizedBuildFileExceptionSet;
			membershipExceptions = (
				Info.plist,
			);
			target = B3476F7B2EF159EE00FE8296 /* PxClock */;
		};
		B3476FC92EF16D2100FE8296 /* Exceptions for "PxClockWidget" folder in "PxClockWidgetExtension" target */ = {
			isa = PBXFileSystemSynchronizedBuildFileExceptionSet;
			membershipExceptions = (
				"/Localized: Intents.intentdefinition",
				Info.plist,
			);
			target = B3476FB02EF16D2000FE8296 /* PxClockWidgetExtension */;
		};
		B3476FE82EF16F6C00FE8296 /* Exceptions for "Shared" folder in "PxClockWidgetExtension" target */ = {
			isa = PBXFileSystemSynchronizedBuildFileExceptionSet;
			membershipExceptions = (
				CloverShape.swift,
				Localizable.xcstrings,
				ScallopShape.swift,
				UClockView.swift,
				UtilsShared.swift,
			);
			target = B3476FB02EF16D2000FE8296 /* PxClockWidgetExtension */;
		};
		B34770912EF191CD00FE8296 /* Exceptions for "Fonts" folder in "PxClockWidgetExtension" target */ = {
			isa = PBXFileSystemSynchronizedBuildFileExceptionSet;
			membershipExceptions = (
				"DatCub-Regular.ttf",
				"Datdot-K7prl.ttf",
				"DSEG7Classic-Regular.ttf",
				"DSEG14Classic-Regular.ttf",
				"E1234-p7pER.ttf",
				EHSMB.TTF,
			);
			target = B3476FB02EF16D2000FE8296 /* PxClockWidgetExtension */;
		};
/* End PBXFileSystemSynchronizedBuildFileExceptionSet section */

/* Begin PBXFileSystemSynchronizedGroupBuildPhaseMembershipExceptionSet section */
		B34771A42EF1A57900FE8296 /* Exceptions for "PxClockWidget" folder in "Compile Sources" phase from "PxClockWidgetExtension" target */ = {
			isa = PBXFileSystemSynchronizedGroupBuildPhaseMembershipExceptionSet;
			buildPhase = B3476FAD2EF16D2000FE8296 /* Sources */;
			membershipExceptions = (
				"/Localized: Intents.intentdefinition",
			);
		};
/* End PBXFileSystemSynchronizedGroupBuildPhaseMembershipExceptionSet section */

/* Begin PBXFileSystemSynchronizedRootGroup section */
		B3476F7E2EF159EE00FE8296 /* PxClock */ = {
			isa = PBXFileSystemSynchronizedRootGroup;
			exceptions = (
				B3476F922EF169A100FE8296 /* Exceptions for "PxClock" folder in "PxClock" target */,
			);
			path = PxClock;
			sourceTree = "<group>";
		};
		B3476F952EF16A7500FE8296 /* Shared */ = {
			isa = PBXFileSystemSynchronizedRootGroup;
			exceptions = (
				B3476FE82EF16F6C00FE8296 /* Exceptions for "Shared" folder in "PxClockWidgetExtension" target */,
			);
			path = Shared;
			sourceTree = "<group>";
		};
		B3476F962EF16A7F00FE8296 /* Fonts */ = {
			isa = PBXFileSystemSynchronizedRootGroup;
			exceptions = (
				B34770912EF191CD00FE8296 /* Exceptions for "Fonts" folder in "PxClockWidgetExtension" target */,
			);
			path = Fonts;
			sourceTree = "<group>";
		};
		B3476FB72EF16D2000FE8296 /* PxClockWidget */ = {
			isa = PBXFileSystemSynchronizedRootGroup;
			exceptions = (
				B3476FC92EF16D2100FE8296 /* Exceptions for "PxClockWidget" folder in "PxClockWidgetExtension" target */,
				B34771A42EF1A57900FE8296 /* Exceptions for "PxClockWidget" folder in "Compile Sources" phase from "PxClockWidgetExtension" target */,
			);
			path = PxClockWidget;
			sourceTree = "<group>";
		};
/* End PBXFileSystemSynchronizedRootGroup section */

/* Begin PBXFrameworksBuildPhase section */
		B3476F792EF159EE00FE8296 /* Frameworks */ = {
			isa = PBXFrameworksBuildPhase;
			buildActionMask = 2147483647;
			files = (
				B3476F902EF1693E00FE8296 /* Transparency in Frameworks */,
				B3476F8D2EF1692500FE8296 /* ColorThiefSwift in Frameworks */,
			);
			runOnlyForDeploymentPostprocessing = 0;
		};
		B3476FAE2EF16D2000FE8296 /* Frameworks */ = {
			isa = PBXFrameworksBuildPhase;
			buildActionMask = 2147483647;
			files = (
				B3476FB62EF16D2000FE8296 /* SwiftUI.framework in Frameworks */,
				B3476FB42EF16D2000FE8296 /* WidgetKit.framework in Frameworks */,
			);
			runOnlyForDeploymentPostprocessing = 0;
		};
/* End PBXFrameworksBuildPhase section */

/* Begin PBXGroup section */
		B3476F732EF159EE00FE8296 = {
			isa = PBXGroup;
			children = (
				B3476FCB2EF16D4F00FE8296 /* PxClockWidgetExtension.entitlements */,
				B3476F962EF16A7F00FE8296 /* Fonts */,
				B3476F952EF16A7500FE8296 /* Shared */,
				B3476F7E2EF159EE00FE8296 /* PxClock */,
				B3476FB72EF16D2000FE8296 /* PxClockWidget */,
				B3476FB22EF16D2000FE8296 /* Frameworks */,
				B3476F7D2EF159EE00FE8296 /* Products */,
			);
			sourceTree = "<group>";
		};
		B3476F7D2EF159EE00FE8296 /* Products */ = {
			isa = PBXGroup;
			children = (
				B3476F7C2EF159EE00FE8296 /* PxClock.app */,
				B3476FB12EF16D2000FE8296 /* PxClockWidgetExtension.appex */,
			);
			name = Products;
			sourceTree = "<group>";
		};
		B3476FB22EF16D2000FE8296 /* Frameworks */ = {
			isa = PBXGroup;
			children = (
				B3476FB32EF16D2000FE8296 /* WidgetKit.framework */,
				B3476FB52EF16D2000FE8296 /* SwiftUI.framework */,
			);
			name = Frameworks;
			sourceTree = "<group>";
		};
/* End PBXGroup section */

/* Begin PBXNativeTarget section */
		B3476F7B2EF159EE00FE8296 /* PxClock */ = {
			isa = PBXNativeTarget;
			buildConfigurationList = B3476F872EF159EF00FE8296 /* Build configuration list for PBXNativeTarget "PxClock" */;
			buildPhases = (
				B3476F782EF159EE00FE8296 /* Sources */,
				B3476F792EF159EE00FE8296 /* Frameworks */,
				B3476F7A2EF159EE00FE8296 /* Resources */,
				B3476FCA2EF16D2100FE8296 /* Embed Foundation Extensions */,
			);
			buildRules = (
			);
			dependencies = (
				B3476FC42EF16D2100FE8296 /* PBXTargetDependency */,
			);
			fileSystemSynchronizedGroups = (
				B3476F7E2EF159EE00FE8296 /* PxClock */,
				B3476F952EF16A7500FE8296 /* Shared */,
				B3476F962EF16A7F00FE8296 /* Fonts */,
			);
			name = PxClock;
			packageProductDependencies = (
				B3476F8C2EF1692500FE8296 /* ColorThiefSwift */,
				B3476F8F2EF1693E00FE8296 /* Transparency */,
			);
			productName = PxClock;
			productReference = B3476F7C2EF159EE00FE8296 /* PxClock.app */;
			productType = "com.apple.product-type.application";
		};
		B3476FB02EF16D2000FE8296 /* PxClockWidgetExtension */ = {
			isa = PBXNativeTarget;
			buildConfigurationList = B3476FC62EF16D2100FE8296 /* Build configuration list for PBXNativeTarget "PxClockWidgetExtension" */;
			buildPhases = (
				B3476FAD2EF16D2000FE8296 /* Sources */,
				B3476FAE2EF16D2000FE8296 /* Frameworks */,
				B3476FAF2EF16D2000FE8296 /* Resources */,
			);
			buildRules = (
			);
			dependencies = (
			);
			fileSystemSynchronizedGroups = (
				B3476FB72EF16D2000FE8296 /* PxClockWidget */,
			);
			name = PxClockWidgetExtension;
			packageProductDependencies = (
			);
			productName = PxClockWidgetExtension;
			productReference = B3476FB12EF16D2000FE8296 /* PxClockWidgetExtension.appex */;
			productType = "com.apple.product-type.app-extension";
		};
/* End PBXNativeTarget section */

/* Begin PBXProject section */
		B3476F742EF159EE00FE8296 /* Project object */ = {
			isa = PBXProject;
			attributes = {
				BuildIndependentTargetsInParallel = 1;
				LastSwiftUpdateCheck = 2620;
				LastUpgradeCheck = 2620;
				TargetAttributes = {
					B3476F7B2EF159EE00FE8296 = {
						CreatedOnToolsVersion = 26.2;
					};
					B3476FB02EF16D2000FE8296 = {
						CreatedOnToolsVersion = 26.2;
					};
				};
			};
			buildConfigurationList = B3476F772EF159EE00FE8296 /* Build configuration list for PBXProject "PxClock" */;
			developmentRegion = en;
			hasScannedForEncodings = 0;
			knownRegions = (
				en,
				Base,
				"zh-Hans",
			);
			mainGroup = B3476F732EF159EE00FE8296;
			minimizedProjectReferenceProxies = 1;
			packageReferences = (
				B3476F8B2EF1692500FE8296 /* XCRemoteSwiftPackageReference "ColorThiefSwift" */,
				B3476F8E2EF1693E00FE8296 /* XCRemoteSwiftPackageReference "Transparency" */,
			);
			preferredProjectObjectVersion = 77;
			productRefGroup = B3476F7D2EF159EE00FE8296 /* Products */;
			projectDirPath = "";
			projectRoot = "";
			targets = (
				B3476F7B2EF159EE00FE8296 /* PxClock */,
				B3476FB02EF16D2000FE8296 /* PxClockWidgetExtension */,
			);
		};
/* End PBXProject section */

/* Begin PBXResourcesBuildPhase section */
		B3476F7A2EF159EE00FE8296 /* Resources */ = {
			isa = PBXResourcesBuildPhase;
			buildActionMask = 2147483647;
			files = (
			);
			runOnlyForDeploymentPostprocessing = 0;
		};
		B3476FAF2EF16D2000FE8296 /* Resources */ = {
			isa = PBXResourcesBuildPhase;
			buildActionMask = 2147483647;
			files = (
			);
			runOnlyForDeploymentPostprocessing = 0;
		};
/* End PBXResourcesBuildPhase section */

/* Begin PBXSourcesBuildPhase section */
		B3476F782EF159EE00FE8296 /* Sources */ = {
			isa = PBXSourcesBuildPhase;
			buildActionMask = 2147483647;
			files = (
			);
			runOnlyForDeploymentPostprocessing = 0;
		};
		B3476FAD2EF16D2000FE8296 /* Sources */ = {
			isa = PBXSourcesBuildPhase;
			buildActionMask = 2147483647;
			files = (
			);
			runOnlyForDeploymentPostprocessing = 0;
		};
/* End PBXSourcesBuildPhase section */

/* Begin PBXTargetDependency section */
		B3476FC42EF16D2100FE8296 /* PBXTargetDependency */ = {
			isa = PBXTargetDependency;
			target = B3476FB02EF16D2000FE8296 /* PxClockWidgetExtension */;
			targetProxy = B3476FC32EF16D2100FE8296 /* PBXContainerItemProxy */;
		};
/* End PBXTargetDependency section */

/* Begin XCBuildConfiguration section */
		B3476F852EF159EF00FE8296 /* Debug */ = {
			isa = XCBuildConfiguration;
			buildSettings = {
				ALWAYS_SEARCH_USER_PATHS = NO;
				ASSETCATALOG_COMPILER_GENERATE_SWIFT_ASSET_SYMBOL_EXTENSIONS = YES;
				CLANG_ANALYZER_NONNULL = YES;
				CLANG_ANALYZER_NUMBER_OBJECT_CONVERSION = YES_AGGRESSIVE;
				CLANG_CXX_LANGUAGE_STANDARD = "gnu++20";
				CLANG_ENABLE_MODULES = YES;
				CLANG_ENABLE_OBJC_ARC = YES;
				CLANG_ENABLE_OBJC_WEAK = YES;
				CLANG_WARN_BLOCK_CAPTURE_AUTORELEASING = YES;
				CLANG_WARN_BOOL_CONVERSION = YES;
				CLANG_WARN_COMMA = YES;
				CLANG_WARN_CONSTANT_CONVERSION = YES;
				CLANG_WARN_DEPRECATED_OBJC_IMPLEMENTATIONS = YES;
				CLANG_WARN_DIRECT_OBJC_ISA_USAGE = YES_ERROR;
				CLANG_WARN_DOCUMENTATION_COMMENTS = YES;
				CLANG_WARN_EMPTY_BODY = YES;
				CLANG_WARN_ENUM_CONVERSION = YES;
				CLANG_WARN_INFINITE_RECURSION = YES;
				CLANG_WARN_INT_CONVERSION = YES;
				CLANG_WARN_NON_LITERAL_NULL_CONVERSION = YES;
				CLANG_WARN_OBJC_IMPLICIT_RETAIN_SELF = YES;
				CLANG_WARN_OBJC_LITERAL_CONVERSION = YES;
				CLANG_WARN_OBJC_ROOT_CLASS = YES_ERROR;
				CLANG_WARN_QUOTED_INCLUDE_IN_FRAMEWORK_HEADER = YES;
				CLANG_WARN_RANGE_LOOP_ANALYSIS = YES;
				CLANG_WARN_STRICT_PROTOTYPES = YES;
				CLANG_WARN_SUSPICIOUS_MOVE = YES;
				CLANG_WARN_UNGUARDED_AVAILABILITY = YES_AGGRESSIVE;
				CLANG_WARN_UNREACHABLE_CODE = YES;
				CLANG_WARN__DUPLICATE_METHOD_MATCH = YES;
				COPY_PHASE_STRIP = NO;
				DEBUG_INFORMATION_FORMAT = dwarf;
				DEVELOPMENT_TEAM = JS2ME2LTBF;
				ENABLE_STRICT_OBJC_MSGSEND = YES;
				ENABLE_TESTABILITY = YES;
				ENABLE_USER_SCRIPT_SANDBOXING = YES;
				GCC_C_LANGUAGE_STANDARD = gnu17;
				GCC_DYNAMIC_NO_PIC = NO;
				GCC_NO_COMMON_BLOCKS = YES;
				GCC_OPTIMIZATION_LEVEL = 0;
				GCC_PREPROCESSOR_DEFINITIONS = (
					"DEBUG=1",
					"$(inherited)",
				);
				GCC_WARN_64_TO_32_BIT_CONVERSION = YES;
				GCC_WARN_ABOUT_RETURN_TYPE = YES_ERROR;
				GCC_WARN_UNDECLARED_SELECTOR = YES;
				GCC_WARN_UNINITIALIZED_AUTOS = YES_AGGRESSIVE;
				GCC_WARN_UNUSED_FUNCTION = YES;
				GCC_WARN_UNUSED_VARIABLE = YES;
				IPHONEOS_DEPLOYMENT_TARGET = 26.2;
				LOCALIZATION_PREFERS_STRING_CATALOGS = YES;
				MTL_ENABLE_DEBUG_INFO = INCLUDE_SOURCE;
				MTL_FAST_MATH = YES;
				ONLY_ACTIVE_ARCH = YES;
				SDKROOT = iphoneos;
				SWIFT_ACTIVE_COMPILATION_CONDITIONS = "DEBUG $(inherited)";
				SWIFT_EMIT_LOC_STRINGS = YES;
				SWIFT_OPTIMIZATION_LEVEL = "-Onone";
			};
			name = Debug;
		};
		B3476F862EF159EF00FE8296 /* Release */ = {
			isa = XCBuildConfiguration;
			buildSettings = {
				ALWAYS_SEARCH_USER_PATHS = NO;
				ASSETCATALOG_COMPILER_GENERATE_SWIFT_ASSET_SYMBOL_EXTENSIONS = YES;
				CLANG_ANALYZER_NONNULL = YES;
				CLANG_ANALYZER_NUMBER_OBJECT_CONVERSION = YES_AGGRESSIVE;
				CLANG_CXX_LANGUAGE_STANDARD = "gnu++20";
				CLANG_ENABLE_MODULES = YES;
				CLANG_ENABLE_OBJC_ARC = YES;
				CLANG_ENABLE_OBJC_WEAK = YES;
				CLANG_WARN_BLOCK_CAPTURE_AUTORELEASING = YES;
				CLANG_WARN_BOOL_CONVERSION = YES;
				CLANG_WARN_COMMA = YES;
				CLANG_WARN_CONSTANT_CONVERSION = YES;
				CLANG_WARN_DEPRECATED_OBJC_IMPLEMENTATIONS = YES;
				CLANG_WARN_DIRECT_OBJC_ISA_USAGE = YES_ERROR;
				CLANG_WARN_DOCUMENTATION_COMMENTS = YES;
				CLANG_WARN_EMPTY_BODY = YES;
				CLANG_WARN_ENUM_CONVERSION = YES;
				CLANG_WARN_INFINITE_RECURSION = YES;
				CLANG_WARN_INT_CONVERSION = YES;
				CLANG_WARN_NON_LITERAL_NULL_CONVERSION = YES;
				CLANG_WARN_OBJC_IMPLICIT_RETAIN_SELF = YES;
				CLANG_WARN_OBJC_LITERAL_CONVERSION = YES;
				CLANG_WARN_OBJC_ROOT_CLASS = YES_ERROR;
				CLANG_WARN_QUOTED_INCLUDE_IN_FRAMEWORK_HEADER = YES;
				CLANG_WARN_RANGE_LOOP_ANALYSIS = YES;
				CLANG_WARN_STRICT_PROTOTYPES = YES;
				CLANG_WARN_SUSPICIOUS_MOVE = YES;
				CLANG_WARN_UNGUARDED_AVAILABILITY = YES_AGGRESSIVE;
				CLANG_WARN_UNREACHABLE_CODE = YES;
				CLANG_WARN__DUPLICATE_METHOD_MATCH = YES;
				COPY_PHASE_STRIP = NO;
				DEBUG_INFORMATION_FORMAT = "dwarf-with-dsym";
				DEVELOPMENT_TEAM = JS2ME2LTBF;
				ENABLE_NS_ASSERTIONS = NO;
				ENABLE_STRICT_OBJC_MSGSEND = YES;
				ENABLE_USER_SCRIPT_SANDBOXING = YES;
				GCC_C_LANGUAGE_STANDARD = gnu17;
				GCC_NO_COMMON_BLOCKS = YES;
				GCC_WARN_64_TO_32_BIT_CONVERSION = YES;
				GCC_WARN_ABOUT_RETURN_TYPE = YES_ERROR;
				GCC_WARN_UNDECLARED_SELECTOR = YES;
				GCC_WARN_UNINITIALIZED_AUTOS = YES_AGGRESSIVE;
				GCC_WARN_UNUSED_FUNCTION = YES;
				GCC_WARN_UNUSED_VARIABLE = YES;
				IPHONEOS_DEPLOYMENT_TARGET = 26.2;
				LOCALIZATION_PREFERS_STRING_CATALOGS = YES;
				MTL_ENABLE_DEBUG_INFO = NO;
				MTL_FAST_MATH = YES;
				SDKROOT = iphoneos;
				SWIFT_COMPILATION_MODE = wholemodule;
				SWIFT_EMIT_LOC_STRINGS = YES;
				VALIDATE_PRODUCT = YES;
			};
			name = Release;
		};
		B3476F882EF159EF00FE8296 /* Debug */ = {
			isa = XCBuildConfiguration;
			buildSettings = {
				ASSETCATALOG_COMPILER_APPICON_NAME = AppIcon;
				ASSETCATALOG_COMPILER_GLOBAL_ACCENT_COLOR_NAME = AccentColor;
				CODE_SIGN_ENTITLEMENTS = PxClock/PxClock.entitlements;
				CODE_SIGN_STYLE = Automatic;
				CURRENT_PROJECT_VERSION = 42;
				DEVELOPMENT_TEAM = JS2ME2LTBF;
				ENABLE_PREVIEWS = YES;
				GENERATE_INFOPLIST_FILE = YES;
				INFOPLIST_FILE = PxClock/Info.plist;
				INFOPLIST_KEY_CFBundleDisplayName = PxClock;
				INFOPLIST_KEY_ITSAppUsesNonExemptEncryption = NO;
				INFOPLIST_KEY_LSApplicationCategoryType = "public.app-category.utilities";
				INFOPLIST_KEY_UIApplicationSupportsIndirectInputEvents = YES;
				INFOPLIST_KEY_UILaunchScreen_Generation = YES;
				INFOPLIST_KEY_UISupportedInterfaceOrientations_iPad = "UIInterfaceOrientationPortrait UIInterfaceOrientationPortraitUpsideDown UIInterfaceOrientationLandscapeLeft UIInterfaceOrientationLandscapeRight";
				INFOPLIST_KEY_UISupportedInterfaceOrientations_iPhone = "UIInterfaceOrientationPortrait UIInterfaceOrientationLandscapeLeft UIInterfaceOrientationLandscapeRight";
				IPHONEOS_DEPLOYMENT_TARGET = 17.0;
				LD_RUNPATH_SEARCH_PATHS = (
					"$(inherited)",
					"@executable_path/Frameworks",
				);
				MARKETING_VERSION = 2.0.1;
				PRODUCT_BUNDLE_IDENTIFIER = com.wyw.uclockwidget;
				PRODUCT_NAME = "$(TARGET_NAME)";
				STRING_CATALOG_GENERATE_SYMBOLS = YES;
				SUPPORTED_PLATFORMS = "iphoneos iphonesimulator";
				SUPPORTS_MACCATALYST = NO;
				SUPPORTS_XR_DESIGNED_FOR_IPHONE_IPAD = NO;
				SWIFT_APPROACHABLE_CONCURRENCY = YES;
				SWIFT_DEFAULT_ACTOR_ISOLATION = MainActor;
				SWIFT_EMIT_LOC_STRINGS = YES;
				SWIFT_UPCOMING_FEATURE_MEMBER_IMPORT_VISIBILITY = YES;
				SWIFT_VERSION = 5.0;
				TARGETED_DEVICE_FAMILY = "1,2";
			};
			name = Debug;
		};
		B3476F892EF159EF00FE8296 /* Release */ = {
			isa = XCBuildConfiguration;
			buildSettings = {
				ASSETCATALOG_COMPILER_APPICON_NAME = AppIcon;
				ASSETCATALOG_COMPILER_GLOBAL_ACCENT_COLOR_NAME = AccentColor;
				CODE_SIGN_ENTITLEMENTS = PxClock/PxClock.entitlements;
				CODE_SIGN_STYLE = Automatic;
				CURRENT_PROJECT_VERSION = 42;
				DEVELOPMENT_TEAM = JS2ME2LTBF;
				ENABLE_PREVIEWS = YES;
				GENERATE_INFOPLIST_FILE = YES;
				INFOPLIST_FILE = PxClock/Info.plist;
				INFOPLIST_KEY_CFBundleDisplayName = PxClock;
				INFOPLIST_KEY_ITSAppUsesNonExemptEncryption = NO;
				INFOPLIST_KEY_LSApplicationCategoryType = "public.app-category.utilities";
				INFOPLIST_KEY_UIApplicationSupportsIndirectInputEvents = YES;
				INFOPLIST_KEY_UILaunchScreen_Generation = YES;
				INFOPLIST_KEY_UISupportedInterfaceOrientations_iPad = "UIInterfaceOrientationPortrait UIInterfaceOrientationPortraitUpsideDown UIInterfaceOrientationLandscapeLeft UIInterfaceOrientationLandscapeRight";
				INFOPLIST_KEY_UISupportedInterfaceOrientations_iPhone = "UIInterfaceOrientationPortrait UIInterfaceOrientationLandscapeLeft UIInterfaceOrientationLandscapeRight";
				IPHONEOS_DEPLOYMENT_TARGET = 17.0;
				LD_RUNPATH_SEARCH_PATHS = (
					"$(inherited)",
					"@executable_path/Frameworks",
				);
				MARKETING_VERSION = 2.0.1;
				PRODUCT_BUNDLE_IDENTIFIER = com.wyw.uclockwidget;
				PRODUCT_NAME = "$(TARGET_NAME)";
				STRING_CATALOG_GENERATE_SYMBOLS = YES;
				SUPPORTED_PLATFORMS = "iphoneos iphonesimulator";
				SUPPORTS_MACCATALYST = NO;
				SUPPORTS_XR_DESIGNED_FOR_IPHONE_IPAD = NO;
				SWIFT_APPROACHABLE_CONCURRENCY = YES;
				SWIFT_DEFAULT_ACTOR_ISOLATION = MainActor;
				SWIFT_EMIT_LOC_STRINGS = YES;
				SWIFT_UPCOMING_FEATURE_MEMBER_IMPORT_VISIBILITY = YES;
				SWIFT_VERSION = 5.0;
				TARGETED_DEVICE_FAMILY = "1,2";
			};
			name = Release;
		};
		B3476FC72EF16D2100FE8296 /* Debug */ = {
			isa = XCBuildConfiguration;
			buildSettings = {
				ASSETCATALOG_COMPILER_GLOBAL_ACCENT_COLOR_NAME = AccentColor;
				ASSETCATALOG_COMPILER_WIDGET_BACKGROUND_COLOR_NAME = WidgetBackground;
				CODE_SIGN_ENTITLEMENTS = PxClockWidgetExtension.entitlements;
				CODE_SIGN_STYLE = Automatic;
				CURRENT_PROJECT_VERSION = 42;
				DEVELOPMENT_TEAM = JS2ME2LTBF;
				GENERATE_INFOPLIST_FILE = YES;
				INFOPLIST_FILE = PxClockWidget/Info.plist;
				INFOPLIST_KEY_CFBundleDisplayName = PxClockWidget;
				INFOPLIST_KEY_NSHumanReadableCopyright = "";
				IPHONEOS_DEPLOYMENT_TARGET = 17.0;
				LD_RUNPATH_SEARCH_PATHS = (
					"$(inherited)",
					"@executable_path/Frameworks",
					"@executable_path/../../Frameworks",
				);
				MARKETING_VERSION = 2.0.1;
				PRODUCT_BUNDLE_IDENTIFIER = com.wyw.uclockwidget.UCWGext;
				PRODUCT_NAME = "$(TARGET_NAME)";
				SKIP_INSTALL = YES;
				STRING_CATALOG_GENERATE_SYMBOLS = YES;
				SUPPORTED_PLATFORMS = "iphoneos iphonesimulator";
				SUPPORTS_MACCATALYST = NO;
				SUPPORTS_XR_DESIGNED_FOR_IPHONE_IPAD = NO;
				SWIFT_APPROACHABLE_CONCURRENCY = YES;
				SWIFT_EMIT_LOC_STRINGS = YES;
				SWIFT_UPCOMING_FEATURE_MEMBER_IMPORT_VISIBILITY = YES;
				SWIFT_VERSION = 5.0;
				TARGETED_DEVICE_FAMILY = "1,2";
			};
			name = Debug;
		};
		B3476FC82EF16D2100FE8296 /* Release */ = {
			isa = XCBuildConfiguration;
			buildSettings = {
				ASSETCATALOG_COMPILER_GLOBAL_ACCENT_COLOR_NAME = AccentColor;
				ASSETCATALOG_COMPILER_WIDGET_BACKGROUND_COLOR_NAME = WidgetBackground;
				CODE_SIGN_ENTITLEMENTS = PxClockWidgetExtension.entitlements;
				CODE_SIGN_STYLE = Automatic;
				CURRENT_PROJECT_VERSION = 42;
				DEVELOPMENT_TEAM = JS2ME2LTBF;
				GENERATE_INFOPLIST_FILE = YES;
				INFOPLIST_FILE = PxClockWidget/Info.plist;
				INFOPLIST_KEY_CFBundleDisplayName = PxClockWidget;
				INFOPLIST_KEY_NSHumanReadableCopyright = "";
				IPHONEOS_DEPLOYMENT_TARGET = 17.0;
				LD_RUNPATH_SEARCH_PATHS = (
					"$(inherited)",
					"@executable_path/Frameworks",
					"@executable_path/../../Frameworks",
				);
				MARKETING_VERSION = 2.0.1;
				PRODUCT_BUNDLE_IDENTIFIER = com.wyw.uclockwidget.UCWGext;
				PRODUCT_NAME = "$(TARGET_NAME)";
				SKIP_INSTALL = YES;
				STRING_CATALOG_GENERATE_SYMBOLS = YES;
				SUPPORTED_PLATFORMS = "iphoneos iphonesimulator";
				SUPPORTS_MACCATALYST = NO;
				SUPPORTS_XR_DESIGNED_FOR_IPHONE_IPAD = NO;
				SWIFT_APPROACHABLE_CONCURRENCY = YES;
				SWIFT_EMIT_LOC_STRINGS = YES;
				SWIFT_UPCOMING_FEATURE_MEMBER_IMPORT_VISIBILITY = YES;
				SWIFT_VERSION = 5.0;
				TARGETED_DEVICE_FAMILY = "1,2";
			};
			name = Release;
		};
/* End XCBuildConfiguration section */

/* Begin XCConfigurationList section */
		B3476F772EF159EE00FE8296 /* Build configuration list for PBXProject "PxClock" */ = {
			isa = XCConfigurationList;
			buildConfigurations = (
				B3476F852EF159EF00FE8296 /* Debug */,
				B3476F862EF159EF00FE8296 /* Release */,
			);
			defaultConfigurationIsVisible = 0;
			defaultConfigurationName = Release;
		};
		B3476F872EF159EF00FE8296 /* Build configuration list for PBXNativeTarget "PxClock" */ = {
			isa = XCConfigurationList;
			buildConfigurations = (
				B3476F882EF159EF00FE8296 /* Debug */,
				B3476F892EF159EF00FE8296 /* Release */,
			);
			defaultConfigurationIsVisible = 0;
			defaultConfigurationName = Release;
		};
		B3476FC62EF16D2100FE8296 /* Build configuration list for PBXNativeTarget "PxClockWidgetExtension" */ = {
			isa = XCConfigurationList;
			buildConfigurations = (
				B3476FC72EF16D2100FE8296 /* Debug */,
				B3476FC82EF16D2100FE8296 /* Release */,
			);
			defaultConfigurationIsVisible = 0;
			defaultConfigurationName = Release;
		};
/* End XCConfigurationList section */

/* Begin XCRemoteSwiftPackageReference section */
		B3476F8B2EF1692500FE8296 /* XCRemoteSwiftPackageReference "ColorThiefSwift" */ = {
			isa = XCRemoteSwiftPackageReference;
			repositoryURL = "https://github.com/yamoridon/ColorThiefSwift";
			requirement = {
				kind = upToNextMajorVersion;
				minimumVersion = 0.5.0;
			};
		};
		B3476F8E2EF1693E00FE8296 /* XCRemoteSwiftPackageReference "Transparency" */ = {
			isa = XCRemoteSwiftPackageReference;
			repositoryURL = "https://github.com/wangyiwei2015/Transparency";
			requirement = {
				branch = dev;
				kind = branch;
			};
		};
/* End XCRemoteSwiftPackageReference section */

/* Begin XCSwiftPackageProductDependency section */
		B3476F8C2EF1692500FE8296 /* ColorThiefSwift */ = {
			isa = XCSwiftPackageProductDependency;
			package = B3476F8B2EF1692500FE8296 /* XCRemoteSwiftPackageReference "ColorThiefSwift" */;
			productName = ColorThiefSwift;
		};
		B3476F8F2EF1693E00FE8296 /* Transparency */ = {
			isa = XCSwiftPackageProductDependency;
			package = B3476F8E2EF1693E00FE8296 /* XCRemoteSwiftPackageReference "Transparency" */;
			productName = Transparency;
		};
/* End XCSwiftPackageProductDependency section */
	};
	rootObject = B3476F742EF159EE00FE8296 /* Project object */;
}
